
Microsoft Visual Studio Solution File, Format Version 12.00
# Visual Studio Version 16
VisualStudioVersion = 16.0.30717.126
MinimumVisualStudioVersion = 10.0.40219.1
Project("{FAE04EC0-301F-11D3-BF4B-00C04F79EFBC}") = "RandomGuid.UWP", "RandomGuid.UWP\RandomGuid.UWP.csproj", "{9ADFA43F-642B-4FBC-B3BD-E969B1D2441A}"
EndProject
Project("{9A19103F-16F7-4668-BE54-9A1E7A4F7556}") = "RandomGuid.WPF", "RandomGuid.WPF\RandomGuid.WPF.csproj", "{5D42B243-DD6E-4FBF-AFA0-D6E02005A828}"
EndProject
Project("{9A19103F-16F7-4668-BE54-9A1E7A4F7556}") = "RandomGuid.AvaloniaUI", "RandomGuid.AvaloniaUI\RandomGuid.AvaloniaUI.csproj", "{D7F506D6-A46F-4739-AA15-08F3350F05D0}"
EndProject
Project("{2150E333-8FDC-42A3-9474-1A3956D46DE8}") = "Solution Items", "Solution Items", "{9E6FAC60-396D-4275-B60F-0DC283C0AF1D}"
	ProjectSection(SolutionItems) = preProject
		..\..\..\licence.txt = ..\..\..\licence.txt
		Readme.md = Readme.md
	EndProjectSection
EndProject
Project("{FAE04EC0-301F-11D3-BF4B-00C04F79EFBC}") = "RandomGuid.Mobile.UWP", "RandomGuid.Mobile\RandomGuid.Mobile.UWP\RandomGuid.Mobile.UWP.csproj", "{0D908C91-52A2-4E8A-9C00-0AA08D3CA87A}"
EndProject
Project("{FAE04EC0-301F-11D3-BF4B-00C04F79EFBC}") = "RandomGuid.Mobile.Android", "RandomGuid.Mobile\RandomGuid.Mobile.Android\RandomGuid.Mobile.Android.csproj", "{685FF401-3C4E-4EEA-BC4D-55F75EA11E7F}"
EndProject
Project("{FAE04EC0-301F-11D3-BF4B-00C04F79EFBC}") = "RandomGuid.Mobile.iOS", "RandomGuid.Mobile\RandomGuid.Mobile.iOS\RandomGuid.Mobile.iOS.csproj", "{385C4FE6-C77C-4957-9F90-F289175F0EA1}"
EndProject
Project("{FAE04EC0-301F-11D3-BF4B-00C04F79EFBC}") = "RandomGuid.Mobile", "RandomGuid.Mobile\RandomGuid.Mobile\RandomGuid.Mobile.csproj", "{CD970F9C-07C9-4850-822A-D248104780EB}"
EndProject
Global
	GlobalSection(SolutionConfigurationPlatforms) = preSolution
		Ad-Hoc|Any CPU = Ad-Hoc|Any CPU
		Ad-Hoc|ARM = Ad-Hoc|ARM
		Ad-Hoc|ARM64 = Ad-Hoc|ARM64
		Ad-Hoc|iPhone = Ad-Hoc|iPhone
		Ad-Hoc|iPhoneSimulator = Ad-Hoc|iPhoneSimulator
		Ad-Hoc|x64 = Ad-Hoc|x64
		Ad-Hoc|x86 = Ad-Hoc|x86
		AppStore|Any CPU = AppStore|Any CPU
		AppStore|ARM = AppStore|ARM
		AppStore|ARM64 = AppStore|ARM64
		AppStore|iPhone = AppStore|iPhone
		AppStore|iPhoneSimulator = AppStore|iPhoneSimulator
		AppStore|x64 = AppStore|x64
		AppStore|x86 = AppStore|x86
		Debug|Any CPU = Debug|Any CPU
		Debug|ARM = Debug|ARM
		Debug|ARM64 = Debug|ARM64
		Debug|iPhone = Debug|iPhone
		Debug|iPhoneSimulator = Debug|iPhoneSimulator
		Debug|x64 = Debug|x64
		Debug|x86 = Debug|x86
		Release|Any CPU = Release|Any CPU
		Release|ARM = Release|ARM
		Release|ARM64 = Release|ARM64
		Release|iPhone = Release|iPhone
		Release|iPhoneSimulator = Release|iPhoneSimulator
		Release|x64 = Release|x64
		Release|x86 = Release|x86
	EndGlobalSection
	GlobalSection(ProjectConfigurationPlatforms) = postSolution
		{9ADFA43F-642B-4FBC-B3BD-E969B1D2441A}.Ad-Hoc|Any CPU.ActiveCfg = Debug|x86
		{9ADFA43F-642B-4FBC-B3BD-E969B1D2441A}.Ad-Hoc|Any CPU.Build.0 = Debug|x86
		{9ADFA43F-642B-4FBC-B3BD-E969B1D2441A}.Ad-Hoc|Any CPU.Deploy.0 = Debug|x86
		{9ADFA43F-642B-4FBC-B3BD-E969B1D2441A}.Ad-Hoc|ARM.ActiveCfg = Debug|ARM
		{9ADFA43F-642B-4FBC-B3BD-E969B1D2441A}.Ad-Hoc|ARM.Build.0 = Debug|ARM
		{9ADFA43F-642B-4FBC-B3BD-E969B1D2441A}.Ad-Hoc|ARM.Deploy.0 = Debug|ARM
		{9ADFA43F-642B-4FBC-B3BD-E969B1D2441A}.Ad-Hoc|ARM64.ActiveCfg = Debug|ARM64
		{9ADFA43F-642B-4FBC-B3BD-E969B1D2441A}.Ad-Hoc|ARM64.Build.0 = Debug|ARM64
		{9ADFA43F-642B-4FBC-B3BD-E969B1D2441A}.Ad-Hoc|ARM64.Deploy.0 = Debug|ARM64
		{9ADFA43F-642B-4FBC-B3BD-E969B1D2441A}.Ad-Hoc|iPhone.ActiveCfg = Debug|x86
		{9ADFA43F-642B-4FBC-B3BD-E969B1D2441A}.Ad-Hoc|iPhone.Build.0 = Debug|x86
		{9ADFA43F-642B-4FBC-B3BD-E969B1D2441A}.Ad-Hoc|iPhone.Deploy.0 = Debug|x86
		{9ADFA43F-642B-4FBC-B3BD-E969B1D2441A}.Ad-Hoc|iPhoneSimulator.ActiveCfg = Debug|x86
		{9ADFA43F-642B-4FBC-B3BD-E969B1D2441A}.Ad-Hoc|iPhoneSimulator.Build.0 = Debug|x86
		{9ADFA43F-642B-4FBC-B3BD-E969B1D2441A}.Ad-Hoc|iPhoneSimulator.Deploy.0 = Debug|x86
		{9ADFA43F-642B-4FBC-B3BD-E969B1D2441A}.Ad-Hoc|x64.ActiveCfg = Debug|x64
		{9ADFA43F-642B-4FBC-B3BD-E969B1D2441A}.Ad-Hoc|x64.Build.0 = Debug|x64
		{9ADFA43F-642B-4FBC-B3BD-E969B1D2441A}.Ad-Hoc|x64.Deploy.0 = Debug|x64
		{9ADFA43F-642B-4FBC-B3BD-E969B1D2441A}.Ad-Hoc|x86.ActiveCfg = Debug|x86
		{9ADFA43F-642B-4FBC-B3BD-E969B1D2441A}.Ad-Hoc|x86.Build.0 = Debug|x86
		{9ADFA43F-642B-4FBC-B3BD-E969B1D2441A}.Ad-Hoc|x86.Deploy.0 = Debug|x86
		{9ADFA43F-642B-4FBC-B3BD-E969B1D2441A}.AppStore|Any CPU.ActiveCfg = Debug|x86
		{9ADFA43F-642B-4FBC-B3BD-E969B1D2441A}.AppStore|Any CPU.Build.0 = Debug|x86
		{9ADFA43F-642B-4FBC-B3BD-E969B1D2441A}.AppStore|Any CPU.Deploy.0 = Debug|x86
		{9ADFA43F-642B-4FBC-B3BD-E969B1D2441A}.AppStore|ARM.ActiveCfg = Debug|ARM
		{9ADFA43F-642B-4FBC-B3BD-E969B1D2441A}.AppStore|ARM.Build.0 = Debug|ARM
		{9ADFA43F-642B-4FBC-B3BD-E969B1D2441A}.AppStore|ARM.Deploy.0 = Debug|ARM
		{9ADFA43F-642B-4FBC-B3BD-E969B1D2441A}.AppStore|ARM64.ActiveCfg = Debug|ARM64
		{9ADFA43F-642B-4FBC-B3BD-E969B1D2441A}.AppStore|ARM64.Build.0 = Debug|ARM64
		{9ADFA43F-642B-4FBC-B3BD-E969B1D2441A}.AppStore|ARM64.Deploy.0 = Debug|ARM64
		{9ADFA43F-642B-4FBC-B3BD-E969B1D2441A}.AppStore|iPhone.ActiveCfg = Debug|x86
		{9ADFA43F-642B-4FBC-B3BD-E969B1D2441A}.AppStore|iPhone.Build.0 = Debug|x86
		{9ADFA43F-642B-4FBC-B3BD-E969B1D2441A}.AppStore|iPhone.Deploy.0 = Debug|x86
		{9ADFA43F-642B-4FBC-B3BD-E969B1D2441A}.AppStore|iPhoneSimulator.ActiveCfg = Debug|x86
		{9ADFA43F-642B-4FBC-B3BD-E969B1D2441A}.AppStore|iPhoneSimulator.Build.0 = Debug|x86
		{9ADFA43F-642B-4FBC-B3BD-E969B1D2441A}.AppStore|iPhoneSimulator.Deploy.0 = Debug|x86
		{9ADFA43F-642B-4FBC-B3BD-E969B1D2441A}.AppStore|x64.ActiveCfg = Debug|x64
		{9ADFA43F-642B-4FBC-B3BD-E969B1D2441A}.AppStore|x64.Build.0 = Debug|x64
		{9ADFA43F-642B-4FBC-B3BD-E969B1D2441A}.AppStore|x64.Deploy.0 = Debug|x64
		{9ADFA43F-642B-4FBC-B3BD-E969B1D2441A}.AppStore|x86.ActiveCfg = Debug|x86
		{9ADFA43F-642B-4FBC-B3BD-E969B1D2441A}.AppStore|x86.Build.0 = Debug|x86
		{9ADFA43F-642B-4FBC-B3BD-E969B1D2441A}.AppStore|x86.Deploy.0 = Debug|x86
		{9ADFA43F-642B-4FBC-B3BD-E969B1D2441A}.Debug|Any CPU.ActiveCfg = Debug|x86
		{9ADFA43F-642B-4FBC-B3BD-E969B1D2441A}.Debug|ARM.ActiveCfg = Debug|ARM
		{9ADFA43F-642B-4FBC-B3BD-E969B1D2441A}.Debug|ARM.Build.0 = Debug|ARM
		{9ADFA43F-642B-4FBC-B3BD-E969B1D2441A}.Debug|ARM.Deploy.0 = Debug|ARM
		{9ADFA43F-642B-4FBC-B3BD-E969B1D2441A}.Debug|ARM64.ActiveCfg = Debug|ARM64
		{9ADFA43F-642B-4FBC-B3BD-E969B1D2441A}.Debug|ARM64.Build.0 = Debug|ARM64
		{9ADFA43F-642B-4FBC-B3BD-E969B1D2441A}.Debug|ARM64.Deploy.0 = Debug|ARM64
		{9ADFA43F-642B-4FBC-B3BD-E969B1D2441A}.Debug|iPhone.ActiveCfg = Debug|x86
		{9ADFA43F-642B-4FBC-B3BD-E969B1D2441A}.Debug|iPhoneSimulator.ActiveCfg = Debug|x86
		{9ADFA43F-642B-4FBC-B3BD-E969B1D2441A}.Debug|x64.ActiveCfg = Debug|x64
		{9ADFA43F-642B-4FBC-B3BD-E969B1D2441A}.Debug|x64.Build.0 = Debug|x64
		{9ADFA43F-642B-4FBC-B3BD-E969B1D2441A}.Debug|x64.Deploy.0 = Debug|x64
		{9ADFA43F-642B-4FBC-B3BD-E969B1D2441A}.Debug|x86.ActiveCfg = Debug|x86
		{9ADFA43F-642B-4FBC-B3BD-E969B1D2441A}.Debug|x86.Build.0 = Debug|x86
		{9ADFA43F-642B-4FBC-B3BD-E969B1D2441A}.Debug|x86.Deploy.0 = Debug|x86
		{9ADFA43F-642B-4FBC-B3BD-E969B1D2441A}.Release|Any CPU.ActiveCfg = Release|x86
		{9ADFA43F-642B-4FBC-B3BD-E969B1D2441A}.Release|ARM.ActiveCfg = Release|ARM
		{9ADFA43F-642B-4FBC-B3BD-E969B1D2441A}.Release|ARM.Build.0 = Release|ARM
		{9ADFA43F-642B-4FBC-B3BD-E969B1D2441A}.Release|ARM.Deploy.0 = Release|ARM
		{9ADFA43F-642B-4FBC-B3BD-E969B1D2441A}.Release|ARM64.ActiveCfg = Release|ARM64
		{9ADFA43F-642B-4FBC-B3BD-E969B1D2441A}.Release|ARM64.Build.0 = Release|ARM64
		{9ADFA43F-642B-4FBC-B3BD-E969B1D2441A}.Release|ARM64.Deploy.0 = Release|ARM64
		{9ADFA43F-642B-4FBC-B3BD-E969B1D2441A}.Release|iPhone.ActiveCfg = Release|x86
		{9ADFA43F-642B-4FBC-B3BD-E969B1D2441A}.Release|iPhoneSimulator.ActiveCfg = Release|x86
		{9ADFA43F-642B-4FBC-B3BD-E969B1D2441A}.Release|x64.ActiveCfg = Release|x64
		{9ADFA43F-642B-4FBC-B3BD-E969B1D2441A}.Release|x64.Build.0 = Release|x64
		{9ADFA43F-642B-4FBC-B3BD-E969B1D2441A}.Release|x64.Deploy.0 = Release|x64
		{9ADFA43F-642B-4FBC-B3BD-E969B1D2441A}.Release|x86.ActiveCfg = Release|x86
		{9ADFA43F-642B-4FBC-B3BD-E969B1D2441A}.Release|x86.Build.0 = Release|x86
		{9ADFA43F-642B-4FBC-B3BD-E969B1D2441A}.Release|x86.Deploy.0 = Release|x86
		{5D42B243-DD6E-4FBF-AFA0-D6E02005A828}.Ad-Hoc|Any CPU.ActiveCfg = Debug|Any CPU
		{5D42B243-DD6E-4FBF-AFA0-D6E02005A828}.Ad-Hoc|Any CPU.Build.0 = Debug|Any CPU
		{5D42B243-DD6E-4FBF-AFA0-D6E02005A828}.Ad-Hoc|ARM.ActiveCfg = Debug|Any CPU
		{5D42B243-DD6E-4FBF-AFA0-D6E02005A828}.Ad-Hoc|ARM.Build.0 = Debug|Any CPU
		{5D42B243-DD6E-4FBF-AFA0-D6E02005A828}.Ad-Hoc|ARM64.ActiveCfg = Debug|Any CPU
		{5D42B243-DD6E-4FBF-AFA0-D6E02005A828}.Ad-Hoc|ARM64.Build.0 = Debug|Any CPU
		{5D42B243-DD6E-4FBF-AFA0-D6E02005A828}.Ad-Hoc|iPhone.ActiveCfg = Debug|Any CPU
		{5D42B243-DD6E-4FBF-AFA0-D6E02005A828}.Ad-Hoc|iPhone.Build.0 = Debug|Any CPU
		{5D42B243-DD6E-4FBF-AFA0-D6E02005A828}.Ad-Hoc|iPhoneSimulator.ActiveCfg = Debug|Any CPU
		{5D42B243-DD6E-4FBF-AFA0-D6E02005A828}.Ad-Hoc|iPhoneSimulator.Build.0 = Debug|Any CPU
		{5D42B243-DD6E-4FBF-AFA0-D6E02005A828}.Ad-Hoc|x64.ActiveCfg = Debug|Any CPU
		{5D42B243-DD6E-4FBF-AFA0-D6E02005A828}.Ad-Hoc|x64.Build.0 = Debug|Any CPU
		{5D42B243-DD6E-4FBF-AFA0-D6E02005A828}.Ad-Hoc|x86.ActiveCfg = Debug|Any CPU
		{5D42B243-DD6E-4FBF-AFA0-D6E02005A828}.Ad-Hoc|x86.Build.0 = Debug|Any CPU
		{5D42B243-DD6E-4FBF-AFA0-D6E02005A828}.AppStore|Any CPU.ActiveCfg = Debug|Any CPU
		{5D42B243-DD6E-4FBF-AFA0-D6E02005A828}.AppStore|Any CPU.Build.0 = Debug|Any CPU
		{5D42B243-DD6E-4FBF-AFA0-D6E02005A828}.AppStore|ARM.ActiveCfg = Debug|Any CPU
		{5D42B243-DD6E-4FBF-AFA0-D6E02005A828}.AppStore|ARM.Build.0 = Debug|Any CPU
		{5D42B243-DD6E-4FBF-AFA0-D6E02005A828}.AppStore|ARM64.ActiveCfg = Debug|Any CPU
		{5D42B243-DD6E-4FBF-AFA0-D6E02005A828}.AppStore|ARM64.Build.0 = Debug|Any CPU
		{5D42B243-DD6E-4FBF-AFA0-D6E02005A828}.AppStore|iPhone.ActiveCfg = Debug|Any CPU
		{5D42B243-DD6E-4FBF-AFA0-D6E02005A828}.AppStore|iPhone.Build.0 = Debug|Any CPU
		{5D42B243-DD6E-4FBF-AFA0-D6E02005A828}.AppStore|iPhoneSimulator.ActiveCfg = Debug|Any CPU
		{5D42B243-DD6E-4FBF-AFA0-D6E02005A828}.AppStore|iPhoneSimulator.Build.0 = Debug|Any CPU
		{5D42B243-DD6E-4FBF-AFA0-D6E02005A828}.AppStore|x64.ActiveCfg = Debug|Any CPU
		{5D42B243-DD6E-4FBF-AFA0-D6E02005A828}.AppStore|x64.Build.0 = Debug|Any CPU
		{5D42B243-DD6E-4FBF-AFA0-D6E02005A828}.AppStore|x86.ActiveCfg = Debug|Any CPU
		{5D42B243-DD6E-4FBF-AFA0-D6E02005A828}.AppStore|x86.Build.0 = Debug|Any CPU
		{5D42B243-DD6E-4FBF-AFA0-D6E02005A828}.Debug|Any CPU.ActiveCfg = Debug|Any CPU
		{5D42B243-DD6E-4FBF-AFA0-D6E02005A828}.Debug|Any CPU.Build.0 = Debug|Any CPU
		{5D42B243-DD6E-4FBF-AFA0-D6E02005A828}.Debug|ARM.ActiveCfg = Debug|Any CPU
		{5D42B243-DD6E-4FBF-AFA0-D6E02005A828}.Debug|ARM.Build.0 = Debug|Any CPU
		{5D42B243-DD6E-4FBF-AFA0-D6E02005A828}.Debug|ARM64.ActiveCfg = Debug|Any CPU
		{5D42B243-DD6E-4FBF-AFA0-D6E02005A828}.Debug|ARM64.Build.0 = Debug|Any CPU
		{5D42B243-DD6E-4FBF-AFA0-D6E02005A828}.Debug|iPhone.ActiveCfg = Debug|Any CPU
		{5D42B243-DD6E-4FBF-AFA0-D6E02005A828}.Debug|iPhone.Build.0 = Debug|Any CPU
		{5D42B243-DD6E-4FBF-AFA0-D6E02005A828}.Debug|iPhoneSimulator.ActiveCfg = Debug|Any CPU
		{5D42B243-DD6E-4FBF-AFA0-D6E02005A828}.Debug|iPhoneSimulator.Build.0 = Debug|Any CPU
		{5D42B243-DD6E-4FBF-AFA0-D6E02005A828}.Debug|x64.ActiveCfg = Debug|Any CPU
		{5D42B243-DD6E-4FBF-AFA0-D6E02005A828}.Debug|x64.Build.0 = Debug|Any CPU
		{5D42B243-DD6E-4FBF-AFA0-D6E02005A828}.Debug|x86.ActiveCfg = Debug|Any CPU
		{5D42B243-DD6E-4FBF-AFA0-D6E02005A828}.Debug|x86.Build.0 = Debug|Any CPU
		{5D42B243-DD6E-4FBF-AFA0-D6E02005A828}.Release|Any CPU.ActiveCfg = Release|Any CPU
		{5D42B243-DD6E-4FBF-AFA0-D6E02005A828}.Release|Any CPU.Build.0 = Release|Any CPU
		{5D42B243-DD6E-4FBF-AFA0-D6E02005A828}.Release|ARM.ActiveCfg = Release|Any CPU
		{5D42B243-DD6E-4FBF-AFA0-D6E02005A828}.Release|ARM.Build.0 = Release|Any CPU
		{5D42B243-DD6E-4FBF-AFA0-D6E02005A828}.Release|ARM64.ActiveCfg = Release|Any CPU
		{5D42B243-DD6E-4FBF-AFA0-D6E02005A828}.Release|ARM64.Build.0 = Release|Any CPU
		{5D42B243-DD6E-4FBF-AFA0-D6E02005A828}.Release|iPhone.ActiveCfg = Release|Any CPU
		{5D42B243-DD6E-4FBF-AFA0-D6E02005A828}.Release|iPhone.Build.0 = Release|Any CPU
		{5D42B243-DD6E-4FBF-AFA0-D6E02005A828}.Release|iPhoneSimulator.ActiveCfg = Release|Any CPU
		{5D42B243-DD6E-4FBF-AFA0-D6E02005A828}.Release|iPhoneSimulator.Build.0 = Release|Any CPU
		{5D42B243-DD6E-4FBF-AFA0-D6E02005A828}.Release|x64.ActiveCfg = Release|Any CPU
		{5D42B243-DD6E-4FBF-AFA0-D6E02005A828}.Release|x64.Build.0 = Release|Any CPU
		{5D42B243-DD6E-4FBF-AFA0-D6E02005A828}.Release|x86.ActiveCfg = Release|Any CPU
		{5D42B243-DD6E-4FBF-AFA0-D6E02005A828}.Release|x86.Build.0 = Release|Any CPU
		{D7F506D6-A46F-4739-AA15-08F3350F05D0}.Ad-Hoc|Any CPU.ActiveCfg = Debug|Any CPU
		{D7F506D6-A46F-4739-AA15-08F3350F05D0}.Ad-Hoc|Any CPU.Build.0 = Debug|Any CPU
		{D7F506D6-A46F-4739-AA15-08F3350F05D0}.Ad-Hoc|ARM.ActiveCfg = Debug|Any CPU
		{D7F506D6-A46F-4739-AA15-08F3350F05D0}.Ad-Hoc|ARM.Build.0 = Debug|Any CPU
		{D7F506D6-A46F-4739-AA15-08F3350F05D0}.Ad-Hoc|ARM64.ActiveCfg = Debug|Any CPU
		{D7F506D6-A46F-4739-AA15-08F3350F05D0}.Ad-Hoc|ARM64.Build.0 = Debug|Any CPU
		{D7F506D6-A46F-4739-AA15-08F3350F05D0}.Ad-Hoc|iPhone.ActiveCfg = Debug|Any CPU
		{D7F506D6-A46F-4739-AA15-08F3350F05D0}.Ad-Hoc|iPhone.Build.0 = Debug|Any CPU
		{D7F506D6-A46F-4739-AA15-08F3350F05D0}.Ad-Hoc|iPhoneSimulator.ActiveCfg = Debug|Any CPU
		{D7F506D6-A46F-4739-AA15-08F3350F05D0}.Ad-Hoc|iPhoneSimulator.Build.0 = Debug|Any CPU
		{D7F506D6-A46F-4739-AA15-08F3350F05D0}.Ad-Hoc|x64.ActiveCfg = Debug|Any CPU
		{D7F506D6-A46F-4739-AA15-08F3350F05D0}.Ad-Hoc|x64.Build.0 = Debug|Any CPU
		{D7F506D6-A46F-4739-AA15-08F3350F05D0}.Ad-Hoc|x86.ActiveCfg = Debug|Any CPU
		{D7F506D6-A46F-4739-AA15-08F3350F05D0}.Ad-Hoc|x86.Build.0 = Debug|Any CPU
		{D7F506D6-A46F-4739-AA15-08F3350F05D0}.AppStore|Any CPU.ActiveCfg = Debug|Any CPU
		{D7F506D6-A46F-4739-AA15-08F3350F05D0}.AppStore|Any CPU.Build.0 = Debug|Any CPU
		{D7F506D6-A46F-4739-AA15-08F3350F05D0}.AppStore|ARM.ActiveCfg = Debug|Any CPU
		{D7F506D6-A46F-4739-AA15-08F3350F05D0}.AppStore|ARM.Build.0 = Debug|Any CPU
		{D7F506D6-A46F-4739-AA15-08F3350F05D0}.AppStore|ARM64.ActiveCfg = Debug|Any CPU
		{D7F506D6-A46F-4739-AA15-08F3350F05D0}.AppStore|ARM64.Build.0 = Debug|Any CPU
		{D7F506D6-A46F-4739-AA15-08F3350F05D0}.AppStore|iPhone.ActiveCfg = Debug|Any CPU
		{D7F506D6-A46F-4739-AA15-08F3350F05D0}.AppStore|iPhone.Build.0 = Debug|Any CPU
		{D7F506D6-A46F-4739-AA15-08F3350F05D0}.AppStore|iPhoneSimulator.ActiveCfg = Debug|Any CPU
		{D7F506D6-A46F-4739-AA15-08F3350F05D0}.AppStore|iPhoneSimulator.Build.0 = Debug|Any CPU
		{D7F506D6-A46F-4739-AA15-08F3350F05D0}.AppStore|x64.ActiveCfg = Debug|Any CPU
		{D7F506D6-A46F-4739-AA15-08F3350F05D0}.AppStore|x64.Build.0 = Debug|Any CPU
		{D7F506D6-A46F-4739-AA15-08F3350F05D0}.AppStore|x86.ActiveCfg = Debug|Any CPU
		{D7F506D6-A46F-4739-AA15-08F3350F05D0}.AppStore|x86.Build.0 = Debug|Any CPU
		{D7F506D6-A46F-4739-AA15-08F3350F05D0}.Debug|Any CPU.ActiveCfg = Debug|Any CPU
		{D7F506D6-A46F-4739-AA15-08F3350F05D0}.Debug|Any CPU.Build.0 = Debug|Any CPU
		{D7F506D6-A46F-4739-AA15-08F3350F05D0}.Debug|ARM.ActiveCfg = Debug|Any CPU
		{D7F506D6-A46F-4739-AA15-08F3350F05D0}.Debug|ARM.Build.0 = Debug|Any CPU
		{D7F506D6-A46F-4739-AA15-08F3350F05D0}.Debug|ARM64.ActiveCfg = Debug|Any CPU
		{D7F506D6-A46F-4739-AA15-08F3350F05D0}.Debug|ARM64.Build.0 = Debug|Any CPU
		{D7F506D6-A46F-4739-AA15-08F3350F05D0}.Debug|iPhone.ActiveCfg = Debug|Any CPU
		{D7F506D6-A46F-4739-AA15-08F3350F05D0}.Debug|iPhone.Build.0 = Debug|Any CPU
		{D7F506D6-A46F-4739-AA15-08F3350F05D0}.Debug|iPhoneSimulator.ActiveCfg = Debug|Any CPU
		{D7F506D6-A46F-4739-AA15-08F3350F05D0}.Debug|iPhoneSimulator.Build.0 = Debug|Any CPU
		{D7F506D6-A46F-4739-AA15-08F3350F05D0}.Debug|x64.ActiveCfg = Debug|Any CPU
		{D7F506D6-A46F-4739-AA15-08F3350F05D0}.Debug|x64.Build.0 = Debug|Any CPU
		{D7F506D6-A46F-4739-AA15-08F3350F05D0}.Debug|x86.ActiveCfg = Debug|Any CPU
		{D7F506D6-A46F-4739-AA15-08F3350F05D0}.Debug|x86.Build.0 = Debug|Any CPU
		{D7F506D6-A46F-4739-AA15-08F3350F05D0}.Release|Any CPU.ActiveCfg = Release|Any CPU
		{D7F506D6-A46F-4739-AA15-08F3350F05D0}.Release|Any CPU.Build.0 = Release|Any CPU
		{D7F506D6-A46F-4739-AA15-08F3350F05D0}.Release|ARM.ActiveCfg = Release|Any CPU
		{D7F506D6-A46F-4739-AA15-08F3350F05D0}.Release|ARM.Build.0 = Release|Any CPU
		{D7F506D6-A46F-4739-AA15-08F3350F05D0}.Release|ARM64.ActiveCfg = Release|Any CPU
		{D7F506D6-A46F-4739-AA15-08F3350F05D0}.Release|ARM64.Build.0 = Release|Any CPU
		{D7F506D6-A46F-4739-AA15-08F3350F05D0}.Release|iPhone.ActiveCfg = Release|Any CPU
		{D7F506D6-A46F-4739-AA15-08F3350F05D0}.Release|iPhone.Build.0 = Release|Any CPU
		{D7F506D6-A46F-4739-AA15-08F3350F05D0}.Release|iPhoneSimulator.ActiveCfg = Release|Any CPU
		{D7F506D6-A46F-4739-AA15-08F3350F05D0}.Release|iPhoneSimulator.Build.0 = Release|Any CPU
		{D7F506D6-A46F-4739-AA15-08F3350F05D0}.Release|x64.ActiveCfg = Release|Any CPU
		{D7F506D6-A46F-4739-AA15-08F3350F05D0}.Release|x64.Build.0 = Release|Any CPU
		{D7F506D6-A46F-4739-AA15-08F3350F05D0}.Release|x86.ActiveCfg = Release|Any CPU
		{D7F506D6-A46F-4739-AA15-08F3350F05D0}.Release|x86.Build.0 = Release|Any CPU
		{0D908C91-52A2-4E8A-9C00-0AA08D3CA87A}.Ad-Hoc|Any CPU.ActiveCfg = Debug|ARM
		{0D908C91-52A2-4E8A-9C00-0AA08D3CA87A}.Ad-Hoc|Any CPU.Build.0 = Debug|ARM
		{0D908C91-52A2-4E8A-9C00-0AA08D3CA87A}.Ad-Hoc|Any CPU.Deploy.0 = Debug|ARM
		{0D908C91-52A2-4E8A-9C00-0AA08D3CA87A}.Ad-Hoc|ARM.ActiveCfg = Debug|ARM
		{0D908C91-52A2-4E8A-9C00-0AA08D3CA87A}.Ad-Hoc|ARM.Build.0 = Debug|ARM
		{0D908C91-52A2-4E8A-9C00-0AA08D3CA87A}.Ad-Hoc|ARM.Deploy.0 = Debug|ARM
		{0D908C91-52A2-4E8A-9C00-0AA08D3CA87A}.Ad-Hoc|ARM64.ActiveCfg = Debug|ARM
		{0D908C91-52A2-4E8A-9C00-0AA08D3CA87A}.Ad-Hoc|ARM64.Build.0 = Debug|ARM
		{0D908C91-52A2-4E8A-9C00-0AA08D3CA87A}.Ad-Hoc|ARM64.Deploy.0 = Debug|ARM
		{0D908C91-52A2-4E8A-9C00-0AA08D3CA87A}.Ad-Hoc|iPhone.ActiveCfg = Debug|ARM
		{0D908C91-52A2-4E8A-9C00-0AA08D3CA87A}.Ad-Hoc|iPhone.Build.0 = Debug|ARM
		{0D908C91-52A2-4E8A-9C00-0AA08D3CA87A}.Ad-Hoc|iPhone.Deploy.0 = Debug|ARM
		{0D908C91-52A2-4E8A-9C00-0AA08D3CA87A}.Ad-Hoc|iPhoneSimulator.ActiveCfg = Debug|ARM
		{0D908C91-52A2-4E8A-9C00-0AA08D3CA87A}.Ad-Hoc|iPhoneSimulator.Build.0 = Debug|ARM
		{0D908C91-52A2-4E8A-9C00-0AA08D3CA87A}.Ad-Hoc|iPhoneSimulator.Deploy.0 = Debug|ARM
		{0D908C91-52A2-4E8A-9C00-0AA08D3CA87A}.Ad-Hoc|x64.ActiveCfg = Debug|x64
		{0D908C91-52A2-4E8A-9C00-0AA08D3CA87A}.Ad-Hoc|x64.Build.0 = Debug|x64
		{0D908C91-52A2-4E8A-9C00-0AA08D3CA87A}.Ad-Hoc|x64.Deploy.0 = Debug|x64
		{0D908C91-52A2-4E8A-9C00-0AA08D3CA87A}.Ad-Hoc|x86.ActiveCfg = Debug|x86
		{0D908C91-52A2-4E8A-9C00-0AA08D3CA87A}.Ad-Hoc|x86.Build.0 = Debug|x86
		{0D908C91-52A2-4E8A-9C00-0AA08D3CA87A}.Ad-Hoc|x86.Deploy.0 = Debug|x86
		{0D908C91-52A2-4E8A-9C00-0AA08D3CA87A}.AppStore|Any CPU.ActiveCfg = Debug|ARM
		{0D908C91-52A2-4E8A-9C00-0AA08D3CA87A}.AppStore|Any CPU.Build.0 = Debug|ARM
		{0D908C91-52A2-4E8A-9C00-0AA08D3CA87A}.AppStore|Any CPU.Deploy.0 = Debug|ARM
		{0D908C91-52A2-4E8A-9C00-0AA08D3CA87A}.AppStore|ARM.ActiveCfg = Debug|ARM
		{0D908C91-52A2-4E8A-9C00-0AA08D3CA87A}.AppStore|ARM.Build.0 = Debug|ARM
		{0D908C91-52A2-4E8A-9C00-0AA08D3CA87A}.AppStore|ARM.Deploy.0 = Debug|ARM
		{0D908C91-52A2-4E8A-9C00-0AA08D3CA87A}.AppStore|ARM64.ActiveCfg = Debug|ARM
		{0D908C91-52A2-4E8A-9C00-0AA08D3CA87A}.AppStore|ARM64.Build.0 = Debug|ARM
		{0D908C91-52A2-4E8A-9C00-0AA08D3CA87A}.AppStore|ARM64.Deploy.0 = Debug|ARM
		{0D908C91-52A2-4E8A-9C00-0AA08D3CA87A}.AppStore|iPhone.ActiveCfg = Debug|ARM
		{0D908C91-52A2-4E8A-9C00-0AA08D3CA87A}.AppStore|iPhone.Build.0 = Debug|ARM
		{0D908C91-52A2-4E8A-9C00-0AA08D3CA87A}.AppStore|iPhone.Deploy.0 = Debug|ARM
		{0D908C91-52A2-4E8A-9C00-0AA08D3CA87A}.AppStore|iPhoneSimulator.ActiveCfg = Debug|ARM
		{0D908C91-52A2-4E8A-9C00-0AA08D3CA87A}.AppStore|iPhoneSimulator.Build.0 = Debug|ARM
		{0D908C91-52A2-4E8A-9C00-0AA08D3CA87A}.AppStore|iPhoneSimulator.Deploy.0 = Debug|ARM
		{0D908C91-52A2-4E8A-9C00-0AA08D3CA87A}.AppStore|x64.ActiveCfg = Debug|x64
		{0D908C91-52A2-4E8A-9C00-0AA08D3CA87A}.AppStore|x64.Build.0 = Debug|x64
		{0D908C91-52A2-4E8A-9C00-0AA08D3CA87A}.AppStore|x64.Deploy.0 = Debug|x64
		{0D908C91-52A2-4E8A-9C00-0AA08D3CA87A}.AppStore|x86.ActiveCfg = Debug|x86
		{0D908C91-52A2-4E8A-9C00-0AA08D3CA87A}.AppStore|x86.Build.0 = Debug|x86
		{0D908C91-52A2-4E8A-9C00-0AA08D3CA87A}.AppStore|x86.Deploy.0 = Debug|x86
		{0D908C91-52A2-4E8A-9C00-0AA08D3CA87A}.Debug|Any CPU.ActiveCfg = Debug|x86
		{0D908C91-52A2-4E8A-9C00-0AA08D3CA87A}.Debug|ARM.ActiveCfg = Debug|ARM
		{0D908C91-52A2-4E8A-9C00-0AA08D3CA87A}.Debug|ARM.Build.0 = Debug|ARM
		{0D908C91-52A2-4E8A-9C00-0AA08D3CA87A}.Debug|ARM.Deploy.0 = Debug|ARM
		{0D908C91-52A2-4E8A-9C00-0AA08D3CA87A}.Debug|ARM64.ActiveCfg = Debug|x86
		{0D908C91-52A2-4E8A-9C00-0AA08D3CA87A}.Debug|iPhone.ActiveCfg = Debug|x86
		{0D908C91-52A2-4E8A-9C00-0AA08D3CA87A}.Debug|iPhoneSimulator.ActiveCfg = Debug|x86
		{0D908C91-52A2-4E8A-9C00-0AA08D3CA87A}.Debug|x64.ActiveCfg = Debug|x64
		{0D908C91-52A2-4E8A-9C00-0AA08D3CA87A}.Debug|x64.Build.0 = Debug|x64
		{0D908C91-52A2-4E8A-9C00-0AA08D3CA87A}.Debug|x64.Deploy.0 = Debug|x64
		{0D908C91-52A2-4E8A-9C00-0AA08D3CA87A}.Debug|x86.ActiveCfg = Debug|x86
		{0D908C91-52A2-4E8A-9C00-0AA08D3CA87A}.Debug|x86.Build.0 = Debug|x86
		{0D908C91-52A2-4E8A-9C00-0AA08D3CA87A}.Debug|x86.Deploy.0 = Debug|x86
		{0D908C91-52A2-4E8A-9C00-0AA08D3CA87A}.Release|Any CPU.ActiveCfg = Release|x86
		{0D908C91-52A2-4E8A-9C00-0AA08D3CA87A}.Release|ARM.ActiveCfg = Release|ARM
		{0D908C91-52A2-4E8A-9C00-0AA08D3CA87A}.Release|ARM.Build.0 = Release|ARM
		{0D908C91-52A2-4E8A-9C00-0AA08D3CA87A}.Release|ARM.Deploy.0 = Release|ARM
		{0D908C91-52A2-4E8A-9C00-0AA08D3CA87A}.Release|ARM64.ActiveCfg = Release|x86
		{0D908C91-52A2-4E8A-9C00-0AA08D3CA87A}.Release|iPhone.ActiveCfg = Release|x86
		{0D908C91-52A2-4E8A-9C00-0AA08D3CA87A}.Release|iPhoneSimulator.ActiveCfg = Release|x86
		{0D908C91-52A2-4E8A-9C00-0AA08D3CA87A}.Release|x64.ActiveCfg = Release|x64
		{0D908C91-52A2-4E8A-9C00-0AA08D3CA87A}.Release|x64.Build.0 = Release|x64
		{0D908C91-52A2-4E8A-9C00-0AA08D3CA87A}.Release|x64.Deploy.0 = Release|x64
		{0D908C91-52A2-4E8A-9C00-0AA08D3CA87A}.Release|x86.ActiveCfg = Release|x86
		{0D908C91-52A2-4E8A-9C00-0AA08D3CA87A}.Release|x86.Build.0 = Release|x86
		{0D908C91-52A2-4E8A-9C00-0AA08D3CA87A}.Release|x86.Deploy.0 = Release|x86
		{685FF401-3C4E-4EEA-BC4D-55F75EA11E7F}.Ad-Hoc|Any CPU.ActiveCfg = Debug|Any CPU
		{685FF401-3C4E-4EEA-BC4D-55F75EA11E7F}.Ad-Hoc|Any CPU.Build.0 = Debug|Any CPU
		{685FF401-3C4E-4EEA-BC4D-55F75EA11E7F}.Ad-Hoc|Any CPU.Deploy.0 = Debug|Any CPU
		{685FF401-3C4E-4EEA-BC4D-55F75EA11E7F}.Ad-Hoc|ARM.ActiveCfg = Debug|Any CPU
		{685FF401-3C4E-4EEA-BC4D-55F75EA11E7F}.Ad-Hoc|ARM.Build.0 = Debug|Any CPU
		{685FF401-3C4E-4EEA-BC4D-55F75EA11E7F}.Ad-Hoc|ARM.Deploy.0 = Debug|Any CPU
		{685FF401-3C4E-4EEA-BC4D-55F75EA11E7F}.Ad-Hoc|ARM64.ActiveCfg = Debug|Any CPU
		{685FF401-3C4E-4EEA-BC4D-55F75EA11E7F}.Ad-Hoc|ARM64.Build.0 = Debug|Any CPU
		{685FF401-3C4E-4EEA-BC4D-55F75EA11E7F}.Ad-Hoc|ARM64.Deploy.0 = Debug|Any CPU
		{685FF401-3C4E-4EEA-BC4D-55F75EA11E7F}.Ad-Hoc|iPhone.ActiveCfg = Debug|Any CPU
		{685FF401-3C4E-4EEA-BC4D-55F75EA11E7F}.Ad-Hoc|iPhone.Build.0 = Debug|Any CPU
		{685FF401-3C4E-4EEA-BC4D-55F75EA11E7F}.Ad-Hoc|iPhone.Deploy.0 = Debug|Any CPU
		{685FF401-3C4E-4EEA-BC4D-55F75EA11E7F}.Ad-Hoc|iPhoneSimulator.ActiveCfg = Debug|Any CPU
		{685FF401-3C4E-4EEA-BC4D-55F75EA11E7F}.Ad-Hoc|iPhoneSimulator.Build.0 = Debug|Any CPU
		{685FF401-3C4E-4EEA-BC4D-55F75EA11E7F}.Ad-Hoc|iPhoneSimulator.Deploy.0 = Debug|Any CPU
		{685FF401-3C4E-4EEA-BC4D-55F75EA11E7F}.Ad-Hoc|x64.ActiveCfg = Debug|Any CPU
		{685FF401-3C4E-4EEA-BC4D-55F75EA11E7F}.Ad-Hoc|x64.Build.0 = Debug|Any CPU
		{685FF401-3C4E-4EEA-BC4D-55F75EA11E7F}.Ad-Hoc|x64.Deploy.0 = Debug|Any CPU
		{685FF401-3C4E-4EEA-BC4D-55F75EA11E7F}.Ad-Hoc|x86.ActiveCfg = Debug|Any CPU
		{685FF401-3C4E-4EEA-BC4D-55F75EA11E7F}.Ad-Hoc|x86.Build.0 = Debug|Any CPU
		{685FF401-3C4E-4EEA-BC4D-55F75EA11E7F}.Ad-Hoc|x86.Deploy.0 = Debug|Any CPU
		{685FF401-3C4E-4EEA-BC4D-55F75EA11E7F}.AppStore|Any CPU.ActiveCfg = Debug|Any CPU
		{685FF401-3C4E-4EEA-BC4D-55F75EA11E7F}.AppStore|Any CPU.Build.0 = Debug|Any CPU
		{685FF401-3C4E-4EEA-BC4D-55F75EA11E7F}.AppStore|Any CPU.Deploy.0 = Debug|Any CPU
		{685FF401-3C4E-4EEA-BC4D-55F75EA11E7F}.AppStore|ARM.ActiveCfg = Debug|Any CPU
		{685FF401-3C4E-4EEA-BC4D-55F75EA11E7F}.AppStore|ARM.Build.0 = Debug|Any CPU
		{685FF401-3C4E-4EEA-BC4D-55F75EA11E7F}.AppStore|ARM.Deploy.0 = Debug|Any CPU
		{685FF401-3C4E-4EEA-BC4D-55F75EA11E7F}.AppStore|ARM64.ActiveCfg = Debug|Any CPU
		{685FF401-3C4E-4EEA-BC4D-55F75EA11E7F}.AppStore|ARM64.Build.0 = Debug|Any CPU
		{685FF401-3C4E-4EEA-BC4D-55F75EA11E7F}.AppStore|ARM64.Deploy.0 = Debug|Any CPU
		{685FF401-3C4E-4EEA-BC4D-55F75EA11E7F}.AppStore|iPhone.ActiveCfg = Debug|Any CPU
		{685FF401-3C4E-4EEA-BC4D-55F75EA11E7F}.AppStore|iPhone.Build.0 = Debug|Any CPU
		{685FF401-3C4E-4EEA-BC4D-55F75EA11E7F}.AppStore|iPhone.Deploy.0 = Debug|Any CPU
		{685FF401-3C4E-4EEA-BC4D-55F75EA11E7F}.AppStore|iPhoneSimulator.ActiveCfg = Debug|Any CPU
		{685FF401-3C4E-4EEA-BC4D-55F75EA11E7F}.AppStore|iPhoneSimulator.Build.0 = Debug|Any CPU
		{685FF401-3C4E-4EEA-BC4D-55F75EA11E7F}.AppStore|iPhoneSimulator.Deploy.0 = Debug|Any CPU
		{685FF401-3C4E-4EEA-BC4D-55F75EA11E7F}.AppStore|x64.ActiveCfg = Debug|Any CPU
		{685FF401-3C4E-4EEA-BC4D-55F75EA11E7F}.AppStore|x64.Build.0 = Debug|Any CPU
		{685FF401-3C4E-4EEA-BC4D-55F75EA11E7F}.AppStore|x64.Deploy.0 = Debug|Any CPU
		{685FF401-3C4E-4EEA-BC4D-55F75EA11E7F}.AppStore|x86.ActiveCfg = Debug|Any CPU
		{685FF401-3C4E-4EEA-BC4D-55F75EA11E7F}.AppStore|x86.Build.0 = Debug|Any CPU
		{685FF401-3C4E-4EEA-BC4D-55F75EA11E7F}.AppStore|x86.Deploy.0 = Debug|Any CPU
		{685FF401-3C4E-4EEA-BC4D-55F75EA11E7F}.Debug|Any CPU.ActiveCfg = Debug|Any CPU
		{685FF401-3C4E-4EEA-BC4D-55F75EA11E7F}.Debug|Any CPU.Build.0 = Debug|Any CPU
		{685FF401-3C4E-4EEA-BC4D-55F75EA11E7F}.Debug|Any CPU.Deploy.0 = Debug|Any CPU
		{685FF401-3C4E-4EEA-BC4D-55F75EA11E7F}.Debug|ARM.ActiveCfg = Debug|Any CPU
		{685FF401-3C4E-4EEA-BC4D-55F75EA11E7F}.Debug|ARM.Build.0 = Debug|Any CPU
		{685FF401-3C4E-4EEA-BC4D-55F75EA11E7F}.Debug|ARM.Deploy.0 = Debug|Any CPU
		{685FF401-3C4E-4EEA-BC4D-55F75EA11E7F}.Debug|ARM64.ActiveCfg = Debug|Any CPU
		{685FF401-3C4E-4EEA-BC4D-55F75EA11E7F}.Debug|ARM64.Build.0 = Debug|Any CPU
		{685FF401-3C4E-4EEA-BC4D-55F75EA11E7F}.Debug|ARM64.Deploy.0 = Debug|Any CPU
		{685FF401-3C4E-4EEA-BC4D-55F75EA11E7F}.Debug|iPhone.ActiveCfg = Debug|Any CPU
		{685FF401-3C4E-4EEA-BC4D-55F75EA11E7F}.Debug|iPhone.Build.0 = Debug|Any CPU
		{685FF401-3C4E-4EEA-BC4D-55F75EA11E7F}.Debug|iPhone.Deploy.0 = Debug|Any CPU
		{685FF401-3C4E-4EEA-BC4D-55F75EA11E7F}.Debug|iPhoneSimulator.ActiveCfg = Debug|Any CPU
		{685FF401-3C4E-4EEA-BC4D-55F75EA11E7F}.Debug|iPhoneSimulator.Build.0 = Debug|Any CPU
		{685FF401-3C4E-4EEA-BC4D-55F75EA11E7F}.Debug|iPhoneSimulator.Deploy.0 = Debug|Any CPU
		{685FF401-3C4E-4EEA-BC4D-55F75EA11E7F}.Debug|x64.ActiveCfg = Debug|Any CPU
		{685FF401-3C4E-4EEA-BC4D-55F75EA11E7F}.Debug|x64.Build.0 = Debug|Any CPU
		{685FF401-3C4E-4EEA-BC4D-55F75EA11E7F}.Debug|x64.Deploy.0 = Debug|Any CPU
		{685FF401-3C4E-4EEA-BC4D-55F75EA11E7F}.Debug|x86.ActiveCfg = Debug|Any CPU
		{685FF401-3C4E-4EEA-BC4D-55F75EA11E7F}.Debug|x86.Build.0 = Debug|Any CPU
		{685FF401-3C4E-4EEA-BC4D-55F75EA11E7F}.Debug|x86.Deploy.0 = Debug|Any CPU
		{685FF401-3C4E-4EEA-BC4D-55F75EA11E7F}.Release|Any CPU.ActiveCfg = Release|Any CPU
		{685FF401-3C4E-4EEA-BC4D-55F75EA11E7F}.Release|Any CPU.Build.0 = Release|Any CPU
		{685FF401-3C4E-4EEA-BC4D-55F75EA11E7F}.Release|Any CPU.Deploy.0 = Release|Any CPU
		{685FF401-3C4E-4EEA-BC4D-55F75EA11E7F}.Release|ARM.ActiveCfg = Release|Any CPU
		{685FF401-3C4E-4EEA-BC4D-55F75EA11E7F}.Release|ARM.Build.0 = Release|Any CPU
		{685FF401-3C4E-4EEA-BC4D-55F75EA11E7F}.Release|ARM.Deploy.0 = Release|Any CPU
		{685FF401-3C4E-4EEA-BC4D-55F75EA11E7F}.Release|ARM64.ActiveCfg = Release|Any CPU
		{685FF401-3C4E-4EEA-BC4D-55F75EA11E7F}.Release|ARM64.Build.0 = Release|Any CPU
		{685FF401-3C4E-4EEA-BC4D-55F75EA11E7F}.Release|ARM64.Deploy.0 = Release|Any CPU
		{685FF401-3C4E-4EEA-BC4D-55F75EA11E7F}.Release|iPhone.ActiveCfg = Release|Any CPU
		{685FF401-3C4E-4EEA-BC4D-55F75EA11E7F}.Release|iPhone.Build.0 = Release|Any CPU
		{685FF401-3C4E-4EEA-BC4D-55F75EA11E7F}.Release|iPhone.Deploy.0 = Release|Any CPU
		{685FF401-3C4E-4EEA-BC4D-55F75EA11E7F}.Release|iPhoneSimulator.ActiveCfg = Release|Any CPU
		{685FF401-3C4E-4EEA-BC4D-55F75EA11E7F}.Release|iPhoneSimulator.Build.0 = Release|Any CPU
		{685FF401-3C4E-4EEA-BC4D-55F75EA11E7F}.Release|iPhoneSimulator.Deploy.0 = Release|Any CPU
		{685FF401-3C4E-4EEA-BC4D-55F75EA11E7F}.Release|x64.ActiveCfg = Release|Any CPU
		{685FF401-3C4E-4EEA-BC4D-55F75EA11E7F}.Release|x64.Build.0 = Release|Any CPU
		{685FF401-3C4E-4EEA-BC4D-55F75EA11E7F}.Release|x64.Deploy.0 = Release|Any CPU
		{685FF401-3C4E-4EEA-BC4D-55F75EA11E7F}.Release|x86.ActiveCfg = Release|Any CPU
		{685FF401-3C4E-4EEA-BC4D-55F75EA11E7F}.Release|x86.Build.0 = Release|Any CPU
		{685FF401-3C4E-4EEA-BC4D-55F75EA11E7F}.Release|x86.Deploy.0 = Release|Any CPU
		{385C4FE6-C77C-4957-9F90-F289175F0EA1}.Ad-Hoc|Any CPU.ActiveCfg = Debug|iPhoneSimulator
		{385C4FE6-C77C-4957-9F90-F289175F0EA1}.Ad-Hoc|Any CPU.Build.0 = Debug|iPhoneSimulator
		{385C4FE6-C77C-4957-9F90-F289175F0EA1}.Ad-Hoc|ARM.ActiveCfg = Debug|iPhoneSimulator
		{385C4FE6-C77C-4957-9F90-F289175F0EA1}.Ad-Hoc|ARM.Build.0 = Debug|iPhoneSimulator
		{385C4FE6-C77C-4957-9F90-F289175F0EA1}.Ad-Hoc|ARM64.ActiveCfg = Debug|iPhoneSimulator
		{385C4FE6-C77C-4957-9F90-F289175F0EA1}.Ad-Hoc|ARM64.Build.0 = Debug|iPhoneSimulator
		{385C4FE6-C77C-4957-9F90-F289175F0EA1}.Ad-Hoc|iPhone.ActiveCfg = Debug|iPhone
		{385C4FE6-C77C-4957-9F90-F289175F0EA1}.Ad-Hoc|iPhone.Build.0 = Debug|iPhone
		{385C4FE6-C77C-4957-9F90-F289175F0EA1}.Ad-Hoc|iPhoneSimulator.ActiveCfg = Debug|iPhoneSimulator
		{385C4FE6-C77C-4957-9F90-F289175F0EA1}.Ad-Hoc|iPhoneSimulator.Build.0 = Debug|iPhoneSimulator
		{385C4FE6-C77C-4957-9F90-F289175F0EA1}.Ad-Hoc|x64.ActiveCfg = Debug|iPhoneSimulator
		{385C4FE6-C77C-4957-9F90-F289175F0EA1}.Ad-Hoc|x64.Build.0 = Debug|iPhoneSimulator
		{385C4FE6-C77C-4957-9F90-F289175F0EA1}.Ad-Hoc|x86.ActiveCfg = Debug|iPhoneSimulator
		{385C4FE6-C77C-4957-9F90-F289175F0EA1}.Ad-Hoc|x86.Build.0 = Debug|iPhoneSimulator
		{385C4FE6-C77C-4957-9F90-F289175F0EA1}.AppStore|Any CPU.ActiveCfg = Debug|iPhoneSimulator
		{385C4FE6-C77C-4957-9F90-F289175F0EA1}.AppStore|Any CPU.Build.0 = Debug|iPhoneSimulator
		{385C4FE6-C77C-4957-9F90-F289175F0EA1}.AppStore|ARM.ActiveCfg = Debug|iPhoneSimulator
		{385C4FE6-C77C-4957-9F90-F289175F0EA1}.AppStore|ARM.Build.0 = Debug|iPhoneSimulator
		{385C4FE6-C77C-4957-9F90-F289175F0EA1}.AppStore|ARM64.ActiveCfg = Debug|iPhoneSimulator
		{385C4FE6-C77C-4957-9F90-F289175F0EA1}.AppStore|ARM64.Build.0 = Debug|iPhoneSimulator
		{385C4FE6-C77C-4957-9F90-F289175F0EA1}.AppStore|iPhone.ActiveCfg = Debug|iPhone
		{385C4FE6-C77C-4957-9F90-F289175F0EA1}.AppStore|iPhone.Build.0 = Debug|iPhone
		{385C4FE6-C77C-4957-9F90-F289175F0EA1}.AppStore|iPhoneSimulator.ActiveCfg = Debug|iPhoneSimulator
		{385C4FE6-C77C-4957-9F90-F289175F0EA1}.AppStore|iPhoneSimulator.Build.0 = Debug|iPhoneSimulator
		{385C4FE6-C77C-4957-9F90-F289175F0EA1}.AppStore|x64.ActiveCfg = Debug|iPhoneSimulator
		{385C4FE6-C77C-4957-9F90-F289175F0EA1}.AppStore|x64.Build.0 = Debug|iPhoneSimulator
		{385C4FE6-C77C-4957-9F90-F289175F0EA1}.AppStore|x86.ActiveCfg = Debug|iPhoneSimulator
		{385C4FE6-C77C-4957-9F90-F289175F0EA1}.AppStore|x86.Build.0 = Debug|iPhoneSimulator
		{385C4FE6-C77C-4957-9F90-F289175F0EA1}.Debug|Any CPU.ActiveCfg = Debug|iPhoneSimulator
		{385C4FE6-C77C-4957-9F90-F289175F0EA1}.Debug|ARM.ActiveCfg = Debug|iPhoneSimulator
		{385C4FE6-C77C-4957-9F90-F289175F0EA1}.Debug|ARM64.ActiveCfg = Debug|iPhoneSimulator
		{385C4FE6-C77C-4957-9F90-F289175F0EA1}.Debug|iPhone.ActiveCfg = Debug|iPhone
		{385C4FE6-C77C-4957-9F90-F289175F0EA1}.Debug|iPhone.Build.0 = Debug|iPhone
		{385C4FE6-C77C-4957-9F90-F289175F0EA1}.Debug|iPhoneSimulator.ActiveCfg = Debug|iPhoneSimulator
		{385C4FE6-C77C-4957-9F90-F289175F0EA1}.Debug|iPhoneSimulator.Build.0 = Debug|iPhoneSimulator
		{385C4FE6-C77C-4957-9F90-F289175F0EA1}.Debug|x64.ActiveCfg = Debug|iPhoneSimulator
		{385C4FE6-C77C-4957-9F90-F289175F0EA1}.Debug|x86.ActiveCfg = Debug|iPhoneSimulator
		{385C4FE6-C77C-4957-9F90-F289175F0EA1}.Release|Any CPU.ActiveCfg = Release|iPhoneSimulator
		{385C4FE6-C77C-4957-9F90-F289175F0EA1}.Release|ARM.ActiveCfg = Release|iPhoneSimulator
		{385C4FE6-C77C-4957-9F90-F289175F0EA1}.Release|ARM64.ActiveCfg = Release|iPhoneSimulator
		{385C4FE6-C77C-4957-9F90-F289175F0EA1}.Release|iPhone.ActiveCfg = Release|iPhone
		{385C4FE6-C77C-4957-9F90-F289175F0EA1}.Release|iPhone.Build.0 = Release|iPhone
		{385C4FE6-C77C-4957-9F90-F289175F0EA1}.Release|iPhoneSimulator.ActiveCfg = Release|iPhoneSimulator
		{385C4FE6-C77C-4957-9F90-F289175F0EA1}.Release|iPhoneSimulator.Build.0 = Release|iPhoneSimulator
		{385C4FE6-C77C-4957-9F90-F289175F0EA1}.Release|x64.ActiveCfg = Release|iPhoneSimulator
		{385C4FE6-C77C-4957-9F90-F289175F0EA1}.Release|x86.ActiveCfg = Release|iPhoneSimulator
		{CD970F9C-07C9-4850-822A-D248104780EB}.Ad-Hoc|Any CPU.ActiveCfg = Debug|Any CPU
		{CD970F9C-07C9-4850-822A-D248104780EB}.Ad-Hoc|Any CPU.Build.0 = Debug|Any CPU
		{CD970F9C-07C9-4850-822A-D248104780EB}.Ad-Hoc|ARM.ActiveCfg = Debug|Any CPU
		{CD970F9C-07C9-4850-822A-D248104780EB}.Ad-Hoc|ARM.Build.0 = Debug|Any CPU
		{CD970F9C-07C9-4850-822A-D248104780EB}.Ad-Hoc|ARM64.ActiveCfg = Debug|Any CPU
		{CD970F9C-07C9-4850-822A-D248104780EB}.Ad-Hoc|ARM64.Build.0 = Debug|Any CPU
		{CD970F9C-07C9-4850-822A-D248104780EB}.Ad-Hoc|iPhone.ActiveCfg = Debug|Any CPU
		{CD970F9C-07C9-4850-822A-D248104780EB}.Ad-Hoc|iPhone.Build.0 = Debug|Any CPU
		{CD970F9C-07C9-4850-822A-D248104780EB}.Ad-Hoc|iPhoneSimulator.ActiveCfg = Debug|Any CPU
		{CD970F9C-07C9-4850-822A-D248104780EB}.Ad-Hoc|iPhoneSimulator.Build.0 = Debug|Any CPU
		{CD970F9C-07C9-4850-822A-D248104780EB}.Ad-Hoc|x64.ActiveCfg = Debug|Any CPU
		{CD970F9C-07C9-4850-822A-D248104780EB}.Ad-Hoc|x64.Build.0 = Debug|Any CPU
		{CD970F9C-07C9-4850-822A-D248104780EB}.Ad-Hoc|x86.ActiveCfg = Debug|Any CPU
		{CD970F9C-07C9-4850-822A-D248104780EB}.Ad-Hoc|x86.Build.0 = Debug|Any CPU
		{CD970F9C-07C9-4850-822A-D248104780EB}.AppStore|Any CPU.ActiveCfg = Debug|Any CPU
		{CD970F9C-07C9-4850-822A-D248104780EB}.AppStore|Any CPU.Build.0 = Debug|Any CPU
		{CD970F9C-07C9-4850-822A-D248104780EB}.AppStore|ARM.ActiveCfg = Debug|Any CPU
		{CD970F9C-07C9-4850-822A-D248104780EB}.AppStore|ARM.Build.0 = Debug|Any CPU
		{CD970F9C-07C9-4850-822A-D248104780EB}.AppStore|ARM64.ActiveCfg = Debug|Any CPU
		{CD970F9C-07C9-4850-822A-D248104780EB}.AppStore|ARM64.Build.0 = Debug|Any CPU
		{CD970F9C-07C9-4850-822A-D248104780EB}.AppStore|iPhone.ActiveCfg = Debug|Any CPU
		{CD970F9C-07C9-4850-822A-D248104780EB}.AppStore|iPhone.Build.0 = Debug|Any CPU
		{CD970F9C-07C9-4850-822A-D248104780EB}.AppStore|iPhoneSimulator.ActiveCfg = Debug|Any CPU
		{CD970F9C-07C9-4850-822A-D248104780EB}.AppStore|iPhoneSimulator.Build.0 = Debug|Any CPU
		{CD970F9C-07C9-4850-822A-D248104780EB}.AppStore|x64.ActiveCfg = Debug|Any CPU
		{CD970F9C-07C9-4850-822A-D248104780EB}.AppStore|x64.Build.0 = Debug|Any CPU
		{CD970F9C-07C9-4850-822A-D248104780EB}.AppStore|x86.ActiveCfg = Debug|Any CPU
		{CD970F9C-07C9-4850-822A-D248104780EB}.AppStore|x86.Build.0 = Debug|Any CPU
		{CD970F9C-07C9-4850-822A-D248104780EB}.Debug|Any CPU.ActiveCfg = Debug|Any CPU
		{CD970F9C-07C9-4850-822A-D248104780EB}.Debug|Any CPU.Build.0 = Debug|Any CPU
		{CD970F9C-07C9-4850-822A-D248104780EB}.Debug|ARM.ActiveCfg = Debug|Any CPU
		{CD970F9C-07C9-4850-822A-D248104780EB}.Debug|ARM.Build.0 = Debug|Any CPU
		{CD970F9C-07C9-4850-822A-D248104780EB}.Debug|ARM64.ActiveCfg = Debug|Any CPU
		{CD970F9C-07C9-4850-822A-D248104780EB}.Debug|ARM64.Build.0 = Debug|Any CPU
		{CD970F9C-07C9-4850-822A-D248104780EB}.Debug|iPhone.ActiveCfg = Debug|Any CPU
		{CD970F9C-07C9-4850-822A-D248104780EB}.Debug|iPhone.Build.0 = Debug|Any CPU
		{CD970F9C-07C9-4850-822A-D248104780EB}.Debug|iPhoneSimulator.ActiveCfg = Debug|Any CPU
		{CD970F9C-07C9-4850-822A-D248104780EB}.Debug|iPhoneSimulator.Build.0 = Debug|Any CPU
		{CD970F9C-07C9-4850-822A-D248104780EB}.Debug|x64.ActiveCfg = Debug|Any CPU
		{CD970F9C-07C9-4850-822A-D248104780EB}.Debug|x64.Build.0 = Debug|Any CPU
		{CD970F9C-07C9-4850-822A-D248104780EB}.Debug|x86.ActiveCfg = Debug|Any CPU
		{CD970F9C-07C9-4850-822A-D248104780EB}.Debug|x86.Build.0 = Debug|Any CPU
		{CD970F9C-07C9-4850-822A-D248104780EB}.Release|Any CPU.ActiveCfg = Release|Any CPU
		{CD970F9C-07C9-4850-822A-D248104780EB}.Release|Any CPU.Build.0 = Release|Any CPU
		{CD970F9C-07C9-4850-822A-D248104780EB}.Release|ARM.ActiveCfg = Release|Any CPU
		{CD970F9C-07C9-4850-822A-D248104780EB}.Release|ARM.Build.0 = Release|Any CPU
		{CD970F9C-07C9-4850-822A-D248104780EB}.Release|ARM64.ActiveCfg = Release|Any CPU
		{CD970F9C-07C9-4850-822A-D248104780EB}.Release|ARM64.Build.0 = Release|Any CPU
		{CD970F9C-07C9-4850-822A-D248104780EB}.Release|iPhone.ActiveCfg = Release|Any CPU
		{CD970F9C-07C9-4850-822A-D248104780EB}.Release|iPhone.Build.0 = Release|Any CPU
		{CD970F9C-07C9-4850-822A-D248104780EB}.Release|iPhoneSimulator.ActiveCfg = Release|Any CPU
		{CD970F9C-07C9-4850-822A-D248104780EB}.Release|iPhoneSimulator.Build.0 = Release|Any CPU
		{CD970F9C-07C9-4850-822A-D248104780EB}.Release|x64.ActiveCfg = Release|Any CPU
		{CD970F9C-07C9-4850-822A-D248104780EB}.Release|x64.Build.0 = Release|Any CPU
		{CD970F9C-07C9-4850-822A-D248104780EB}.Release|x86.ActiveCfg = Release|Any CPU
		{CD970F9C-07C9-4850-822A-D248104780EB}.Release|x86.Build.0 = Release|Any CPU
	EndGlobalSection
	GlobalSection(SolutionProperties) = preSolution
		HideSolutionNode = FALSE
	EndGlobalSection
	GlobalSection(ExtensibilityGlobals) = postSolution
		SolutionGuid = {70CC7C48-F5FC-4F80-BFAD-BBA1D8C088EE}
	EndGlobalSection
EndGlobal
